
Microsoft Visual Studio Solution File, Format Version 12.00
# Visual Studio Version 17
VisualStudioVersion = 17.0.31903.59
MinimumVisualStudioVersion = 10.0.40219.1
Project("{9A19103F-16F7-4668-BE54-9A1E7A4F7556}") = "FileDBReader", "FileDBReader.csproj", "{1CB40510-A10E-4637-B1B5-32DDDF4FB13C}"
EndProject
Project("{9A19103F-16F7-4668-BE54-9A1E7A4F7556}") = "FileDBReader.Unit-Tests", "unittests\FileDBReader-Tests\FileDBReader.Unit-Tests.csproj", "{265AACA6-4471-4C5C-965F-CBAB72455E6E}"
EndProject
Project("{9A19103F-16F7-4668-BE54-9A1E7A4F7556}") = "FileDBSerializer", "FileDBSerializer\FileDBSerializer\FileDBSerializer.csproj", "{486A9596-EF22-4A90-8F2A-0029C9CD5DD2}"
EndProject
Project("{FAE04EC0-301F-11D3-BF4B-00C04F79EFBC}") = "Devplayground", "devplayground\Devplayground\Devplayground.csproj", "{63117E36-97CE-4195-BE87-0AFA5D25834B}"
EndProject
Global
	GlobalSection(SolutionConfigurationPlatforms) = preSolution
		Debug|Any CPU = Debug|Any CPU
		Debug|x64 = Debug|x64
		Release|Any CPU = Release|Any CPU
		Release|x64 = Release|x64
	EndGlobalSection
	GlobalSection(ProjectConfigurationPlatforms) = postSolution
		{1CB40510-A10E-4637-B1B5-32DDDF4FB13C}.Debug|Any CPU.ActiveCfg = Debug|Any CPU
		{1CB40510-A10E-4637-B1B5-32DDDF4FB13C}.Debug|Any CPU.Build.0 = Debug|Any CPU
		{1CB40510-A10E-4637-B1B5-32DDDF4FB13C}.Debug|x64.ActiveCfg = Debug|x64
		{1CB40510-A10E-4637-B1B5-32DDDF4FB13C}.Debug|x64.Build.0 = Debug|x64
		{1CB40510-A10E-4637-B1B5-32DDDF4FB13C}.Release|Any CPU.ActiveCfg = Release|Any CPU
		{1CB40510-A10E-4637-B1B5-32DDDF4FB13C}.Release|Any CPU.Build.0 = Release|Any CPU
		{1CB40510-A10E-4637-B1B5-32DDDF4FB13C}.Release|x64.ActiveCfg = Release|x64
		{1CB40510-A10E-4637-B1B5-32DDDF4FB13C}.Release|x64.Build.0 = Release|x64
		{265AACA6-4471-4C5C-965F-CBAB72455E6E}.Debug|Any CPU.ActiveCfg = Debug|Any CPU
		{265AACA6-4471-4C5C-965F-CBAB72455E6E}.Debug|Any CPU.Build.0 = Debug|Any CPU
		{265AACA6-4471-4C5C-965F-CBAB72455E6E}.Debug|x64.ActiveCfg = Debug|Any CPU
		{265AACA6-4471-4C5C-965F-CBAB72455E6E}.Debug|x64.Build.0 = Debug|Any CPU
		{265AACA6-4471-4C5C-965F-CBAB72455E6E}.Release|Any CPU.ActiveCfg = Release|Any CPU
		{265AACA6-4471-4C5C-965F-CBAB72455E6E}.Release|x64.ActiveCfg = Release|Any CPU
		{486A9596-EF22-4A90-8F2A-0029C9CD5DD2}.Debug|Any CPU.ActiveCfg = Debug|x64
		{486A9596-EF22-4A90-8F2A-0029C9CD5DD2}.Debug|Any CPU.Build.0 = Debug|x64
		{486A9596-EF22-4A90-8F2A-0029C9CD5DD2}.Debug|x64.ActiveCfg = Debug|x64
		{486A9596-EF22-4A90-8F2A-0029C9CD5DD2}.Debug|x64.Build.0 = Debug|x64
		{486A9596-EF22-4A90-8F2A-0029C9CD5DD2}.Release|Any CPU.ActiveCfg = Release|x64
		{486A9596-EF22-4A90-8F2A-0029C9CD5DD2}.Release|Any CPU.Build.0 = Release|x64
		{486A9596-EF22-4A90-8F2A-0029C9CD5DD2}.Release|x64.ActiveCfg = Release|x64
		{486A9596-EF22-4A90-8F2A-0029C9CD5DD2}.Release|x64.Build.0 = Release|x64
		{63117E36-97CE-4195-BE87-0AFA5D25834B}.Debug|Any CPU.ActiveCfg = Debug|Any CPU
		{63117E36-97CE-4195-BE87-0AFA5D25834B}.Debug|Any CPU.Build.0 = Debug|Any CPU
		{63117E36-97CE-4195-BE87-0AFA5D25834B}.Debug|x64.ActiveCfg = Debug|Any CPU
		{63117E36-97CE-4195-BE87-0AFA5D25834B}.Debug|x64.Build.0 = Debug|Any CPU
		{63117E36-97CE-4195-BE87-0AFA5D25834B}.Release|Any CPU.ActiveCfg = Release|Any CPU
		{63117E36-97CE-4195-BE87-0AFA5D25834B}.Release|Any CPU.Build.0 = Release|Any CPU
		{63117E36-97CE-4195-BE87-0AFA5D25834B}.Release|x64.ActiveCfg = Release|Any CPU
		{63117E36-97CE-4195-BE87-0AFA5D25834B}.Release|x64.Build.0 = Release|Any CPU
	EndGlobalSection
	GlobalSection(SolutionProperties) = preSolution
		HideSolutionNode = FALSE
	EndGlobalSection
	GlobalSection(ExtensibilityGlobals) = postSolution
		SolutionGuid = {70CC3872-DAE0-4532-9411-E47D2D781EA7}
	EndGlobalSection
EndGlobal
